// !$*UTF8*$!
{
	archiveVersion = 1;
	classes = {
	};
	objectVersion = 56;
	objects = {

/* Begin PBXBuildFile section */
		C10B1FA02BDD899B00C0B14C /* SmartHomeModel.swift in Sources */ = {isa = PBXBuildFile; fileRef = C10B1F9F2BDD899B00C0B14C /* SmartHomeModel.swift */; };
		C10B1FA22BDEF8F800C0B14C /* AccessoriesView.swift in Sources */ = {isa = PBXBuildFile; fileRef = C10B1FA12BDEF8F800C0B14C /* AccessoriesView.swift */; };
		C10B1FA42BDEFBE200C0B14C /* ServicesView.swift in Sources */ = {isa = PBXBuildFile; fileRef = C10B1FA32BDEFBE200C0B14C /* ServicesView.swift */; };
		C10B1FA62BDEFD4700C0B14C /* CharacteristicsView.swift in Sources */ = {isa = PBXBuildFile; fileRef = C10B1FA52BDEFD4700C0B14C /* CharacteristicsView.swift */; };
		C15E5D422BE2AEFD00A961CF /* BluetoothManager.swift in Sources */ = {isa = PBXBuildFile; fileRef = C15E5D412BE2AEFD00A961CF /* BluetoothManager.swift */; };
		C15E5D442BE2C72F00A961CF /* ListButton.swift in Sources */ = {isa = PBXBuildFile; fileRef = C15E5D432BE2C72F00A961CF /* ListButton.swift */; };
		C15E5D462BE2D0A000A961CF /* SmartHomeView.swift in Sources */ = {isa = PBXBuildFile; fileRef = C15E5D452BE2D0A000A961CF /* SmartHomeView.swift */; };
		C15E5D482BE2D25600A961CF /* BluetoothView.swift in Sources */ = {isa = PBXBuildFile; fileRef = C15E5D472BE2D25600A961CF /* BluetoothView.swift */; };
		C182C2E32BDB1B3500D9C2F2 /* SmartHomeApp.swift in Sources */ = {isa = PBXBuildFile; fileRef = C182C2E22BDB1B3500D9C2F2 /* SmartHomeApp.swift */; };
		C182C2E52BDB1B3500D9C2F2 /* HomeView.swift in Sources */ = {isa = PBXBuildFile; fileRef = C182C2E42BDB1B3500D9C2F2 /* HomeView.swift */; };
		C182C2E72BDB1B3600D9C2F2 /* Assets.xcassets in Resources */ = {isa = PBXBuildFile; fileRef = C182C2E62BDB1B3600D9C2F2 /* Assets.xcassets */; };
		C182C2EA2BDB1B3600D9C2F2 /* Preview Assets.xcassets in Resources */ = {isa = PBXBuildFile; fileRef = C182C2E92BDB1B3600D9C2F2 /* Preview Assets.xcassets */; };
		C182C2F42BDB1B3600D9C2F2 /* SmartHomeTests.swift in Sources */ = {isa = PBXBuildFile; fileRef = C182C2F32BDB1B3600D9C2F2 /* SmartHomeTests.swift */; };
		C182C2FE2BDB1B3600D9C2F2 /* SmartHomeUITests.swift in Sources */ = {isa = PBXBuildFile; fileRef = C182C2FD2BDB1B3600D9C2F2 /* SmartHomeUITests.swift */; };
		C182C3002BDB1B3600D9C2F2 /* SmartHomeUITestsLaunchTests.swift in Sources */ = {isa = PBXBuildFile; fileRef = C182C2FF2BDB1B3600D9C2F2 /* SmartHomeUITestsLaunchTests.swift */; };
/* End PBXBuildFile section */

/* Begin PBXContainerItemProxy section */
		C182C2F02BDB1B3600D9C2F2 /* PBXContainerItemProxy */ = {
			isa = PBXContainerItemProxy;
			containerPortal = C182C2D72BDB1B3500D9C2F2 /* Project object */;
			proxyType = 1;
			remoteGlobalIDString = C182C2DE2BDB1B3500D9C2F2;
			remoteInfo = SmartHome;
		};
		C182C2FA2BDB1B3600D9C2F2 /* PBXContainerItemProxy */ = {
			isa = PBXContainerItemProxy;
			containerPortal = C182C2D72BDB1B3500D9C2F2 /* Project object */;
			proxyType = 1;
			remoteGlobalIDString = C182C2DE2BDB1B3500D9C2F2;
			remoteInfo = SmartHome;
		};
/* End PBXContainerItemProxy section */

/* Begin PBXFileReference section */
		C10B1F9D2BDD872E00C0B14C /* SmartHome.entitlements */ = {isa = PBXFileReference; lastKnownFileType = text.plist.entitlements; path = SmartHome.entitlements; sourceTree = "<group>"; };
		C10B1F9E2BDD87D200C0B14C /* Info.plist */ = {isa = PBXFileReference; lastKnownFileType = text.plist; path = Info.plist; sourceTree = "<group>"; };
		C10B1F9F2BDD899B00C0B14C /* SmartHomeModel.swift */ = {isa = PBXFileReference; lastKnownFileType = sourcecode.swift; path = SmartHomeModel.swift; sourceTree = "<group>"; };
		C10B1FA12BDEF8F800C0B14C /* AccessoriesView.swift */ = {isa = PBXFileReference; lastKnownFileType = sourcecode.swift; path = AccessoriesView.swift; sourceTree = "<group>"; };
		C10B1FA32BDEFBE200C0B14C /* ServicesView.swift */ = {isa = PBXFileReference; lastKnownFileType = sourcecode.swift; path = ServicesView.swift; sourceTree = "<group>"; };
		C10B1FA52BDEFD4700C0B14C /* CharacteristicsView.swift */ = {isa = PBXFileReference; lastKnownFileType = sourcecode.swift; path = CharacteristicsView.swift; sourceTree = "<group>"; };
		C15E5D412BE2AEFD00A961CF /* BluetoothManager.swift */ = {isa = PBXFileReference; lastKnownFileType = sourcecode.swift; path = BluetoothManager.swift; sourceTree = "<group>"; };
		C15E5D432BE2C72F00A961CF /* ListButton.swift */ = {isa = PBXFileReference; lastKnownFileType = sourcecode.swift; path = ListButton.swift; sourceTree = "<group>"; };
		C15E5D452BE2D0A000A961CF /* SmartHomeView.swift */ = {isa = PBXFileReference; lastKnownFileType = sourcecode.swift; path = SmartHomeView.swift; sourceTree = "<group>"; };
		C15E5D472BE2D25600A961CF /* BluetoothView.swift */ = {isa = PBXFileReference; lastKnownFileType = sourcecode.swift; path = BluetoothView.swift; sourceTree = "<group>"; };
		C182C2DF2BDB1B3500D9C2F2 /* SmartHome.app */ = {isa = PBXFileReference; explicitFileType = wrapper.application; includeInIndex = 0; path = SmartHome.app; sourceTree = BUILT_PRODUCTS_DIR; };
		C182C2E22BDB1B3500D9C2F2 /* SmartHomeApp.swift */ = {isa = PBXFileReference; lastKnownFileType = sourcecode.swift; path = SmartHomeApp.swift; sourceTree = "<group>"; };
		C182C2E42BDB1B3500D9C2F2 /* HomeView.swift */ = {isa = PBXFileReference; lastKnownFileType = sourcecode.swift; path = HomeView.swift; sourceTree = "<group>"; };
		C182C2E62BDB1B3600D9C2F2 /* Assets.xcassets */ = {isa = PBXFileReference; lastKnownFileType = folder.assetcatalog; path = Assets.xcassets; sourceTree = "<group>"; };
		C182C2E92BDB1B3600D9C2F2 /* Preview Assets.xcassets */ = {isa = PBXFileReference; lastKnownFileType = folder.assetcatalog; path = "Preview Assets.xcassets"; sourceTree = "<group>"; };
		C182C2EF2BDB1B3600D9C2F2 /* SmartHomeTests.xctest */ = {isa = PBXFileReference; explicitFileType = wrapper.cfbundle; includeInIndex = 0; path = SmartHomeTests.xctest; sourceTree = BUILT_PRODUCTS_DIR; };
		C182C2F32BDB1B3600D9C2F2 /* SmartHomeTests.swift */ = {isa = PBXFileReference; lastKnownFileType = sourcecode.swift; path = SmartHomeTests.swift; sourceTree = "<group>"; };
		C182C2F92BDB1B3600D9C2F2 /* SmartHomeUITests.xctest */ = {isa = PBXFileReference; explicitFileType = wrapper.cfbundle; includeInIndex = 0; path = SmartHomeUITests.xctest; sourceTree = BUILT_PRODUCTS_DIR; };
		C182C2FD2BDB1B3600D9C2F2 /* SmartHomeUITests.swift */ = {isa = PBXFileReference; lastKnownFileType = sourcecode.swift; path = SmartHomeUITests.swift; sourceTree = "<group>"; };
		C182C2FF2BDB1B3600D9C2F2 /* SmartHomeUITestsLaunchTests.swift */ = {isa = PBXFileReference; lastKnownFileType = sourcecode.swift; path = SmartHomeUITestsLaunchTests.swift; sourceTree = "<group>"; };
/* End PBXFileReference section */

/* Begin PBXFrameworksBuildPhase section */
		C182C2DC2BDB1B3500D9C2F2 /* Frameworks */ = {
			isa = PBXFrameworksBuildPhase;
			buildActionMask = 2147483647;
			files = (
			);
			runOnlyForDeploymentPostprocessing = 0;
		};
		C182C2EC2BDB1B3600D9C2F2 /* Frameworks */ = {
			isa = PBXFrameworksBuildPhase;
			buildActionMask = 2147483647;
			files = (
			);
			runOnlyForDeploymentPostprocessing = 0;
		};
		C182C2F62BDB1B3600D9C2F2 /* Frameworks */ = {
			isa = PBXFrameworksBuildPhase;
			buildActionMask = 2147483647;
			files = (
			);
			runOnlyForDeploymentPostprocessing = 0;
		};
/* End PBXFrameworksBuildPhase section */

/* Begin PBXGroup section */
		C15E5D3E2BE2AEA500A961CF /* HomeKit */ = {
			isa = PBXGroup;
			children = (
				C182C2E42BDB1B3500D9C2F2 /* HomeView.swift */,
				C10B1FA12BDEF8F800C0B14C /* AccessoriesView.swift */,
				C10B1FA32BDEFBE200C0B14C /* ServicesView.swift */,
				C10B1FA52BDEFD4700C0B14C /* CharacteristicsView.swift */,
				C15E5D432BE2C72F00A961CF /* ListButton.swift */,
			);
			path = HomeKit;
			sourceTree = "<group>";
		};
		C15E5D3F2BE2AED700A961CF /* Models */ = {
			isa = PBXGroup;
			children = (
				C182C2E22BDB1B3500D9C2F2 /* SmartHomeApp.swift */,
				C10B1F9F2BDD899B00C0B14C /* SmartHomeModel.swift */,
			);
			path = Models;
			sourceTree = "<group>";
		};
		C15E5D402BE2AEE400A961CF /* BLE */ = {
			isa = PBXGroup;
			children = (
				C15E5D412BE2AEFD00A961CF /* BluetoothManager.swift */,
				C15E5D472BE2D25600A961CF /* BluetoothView.swift */,
			);
			path = BLE;
			sourceTree = "<group>";
		};
		C182C2D62BDB1B3500D9C2F2 = {
			isa = PBXGroup;
			children = (
				C182C2E12BDB1B3500D9C2F2 /* SmartHome */,
				C182C2F22BDB1B3600D9C2F2 /* SmartHomeTests */,
				C182C2FC2BDB1B3600D9C2F2 /* SmartHomeUITests */,
				C182C2E02BDB1B3500D9C2F2 /* Products */,
			);
			sourceTree = "<group>";
		};
		C182C2E02BDB1B3500D9C2F2 /* Products */ = {
			isa = PBXGroup;
			children = (
				C182C2DF2BDB1B3500D9C2F2 /* SmartHome.app */,
				C182C2EF2BDB1B3600D9C2F2 /* SmartHomeTests.xctest */,
				C182C2F92BDB1B3600D9C2F2 /* SmartHomeUITests.xctest */,
			);
			name = Products;
			sourceTree = "<group>";
		};
		C182C2E12BDB1B3500D9C2F2 /* SmartHome */ = {
			isa = PBXGroup;
			children = (
				C15E5D452BE2D0A000A961CF /* SmartHomeView.swift */,
				C15E5D3F2BE2AED700A961CF /* Models */,
				C15E5D3E2BE2AEA500A961CF /* HomeKit */,
				C15E5D402BE2AEE400A961CF /* BLE */,
				C10B1F9D2BDD872E00C0B14C /* SmartHome.entitlements */,
				C10B1F9E2BDD87D200C0B14C /* Info.plist */,
				C182C2E62BDB1B3600D9C2F2 /* Assets.xcassets */,
				C182C2E82BDB1B3600D9C2F2 /* Preview Content */,
			);
			path = SmartHome;
			sourceTree = "<group>";
		};
		C182C2E82BDB1B3600D9C2F2 /* Preview Content */ = {
			isa = PBXGroup;
			children = (
				C182C2E92BDB1B3600D9C2F2 /* Preview Assets.xcassets */,
			);
			path = "Preview Content";
			sourceTree = "<group>";
		};
		C182C2F22BDB1B3600D9C2F2 /* SmartHomeTests */ = {
			isa = PBXGroup;
			children = (
				C182C2F32BDB1B3600D9C2F2 /* SmartHomeTests.swift */,
			);
			path = SmartHomeTests;
			sourceTree = "<group>";
		};
		C182C2FC2BDB1B3600D9C2F2 /* SmartHomeUITests */ = {
			isa = PBXGroup;
			children = (
				C182C2FD2BDB1B3600D9C2F2 /* SmartHomeUITests.swift */,
				C182C2FF2BDB1B3600D9C2F2 /* SmartHomeUITestsLaunchTests.swift */,
			);
			path = SmartHomeUITests;
			sourceTree = "<group>";
		};
/* End PBXGroup section */

/* Begin PBXNativeTarget section */
		C182C2DE2BDB1B3500D9C2F2 /* SmartHome */ = {
			isa = PBXNativeTarget;
			buildConfigurationList = C182C3032BDB1B3600D9C2F2 /* Build configuration list for PBXNativeTarget "SmartHome" */;
			buildPhases = (
				C182C2DB2BDB1B3500D9C2F2 /* Sources */,
				C182C2DC2BDB1B3500D9C2F2 /* Frameworks */,
				C182C2DD2BDB1B3500D9C2F2 /* Resources */,
			);
			buildRules = (
			);
			dependencies = (
			);
			name = SmartHome;
			productName = SmartHome;
			productReference = C182C2DF2BDB1B3500D9C2F2 /* SmartHome.app */;
			productType = "com.apple.product-type.application";
		};
		C182C2EE2BDB1B3600D9C2F2 /* SmartHomeTests */ = {
			isa = PBXNativeTarget;
			buildConfigurationList = C182C3062BDB1B3600D9C2F2 /* Build configuration list for PBXNativeTarget "SmartHomeTests" */;
			buildPhases = (
				C182C2EB2BDB1B3600D9C2F2 /* Sources */,
				C182C2EC2BDB1B3600D9C2F2 /* Frameworks */,
				C182C2ED2BDB1B3600D9C2F2 /* Resources */,
			);
			buildRules = (
			);
			dependencies = (
				C182C2F12BDB1B3600D9C2F2 /* PBXTargetDependency */,
			);
			name = SmartHomeTests;
			productName = SmartHomeTests;
			productReference = C182C2EF2BDB1B3600D9C2F2 /* SmartHomeTests.xctest */;
			productType = "com.apple.product-type.bundle.unit-test";
		};
		C182C2F82BDB1B3600D9C2F2 /* SmartHomeUITests */ = {
			isa = PBXNativeTarget;
			buildConfigurationList = C182C3092BDB1B3600D9C2F2 /* Build configuration list for PBXNativeTarget "SmartHomeUITests" */;
			buildPhases = (
				C182C2F52BDB1B3600D9C2F2 /* Sources */,
				C182C2F62BDB1B3600D9C2F2 /* Frameworks */,
				C182C2F72BDB1B3600D9C2F2 /* Resources */,
			);
			buildRules = (
			);
			dependencies = (
				C182C2FB2BDB1B3600D9C2F2 /* PBXTargetDependency */,
			);
			name = SmartHomeUITests;
			productName = SmartHomeUITests;
			productReference = C182C2F92BDB1B3600D9C2F2 /* SmartHomeUITests.xctest */;
			productType = "com.apple.product-type.bundle.ui-testing";
		};
/* End PBXNativeTarget section */

/* Begin PBXProject section */
		C182C2D72BDB1B3500D9C2F2 /* Project object */ = {
			isa = PBXProject;
			attributes = {
				BuildIndependentTargetsInParallel = 1;
				LastSwiftUpdateCheck = 1530;
				LastUpgradeCheck = 1530;
				TargetAttributes = {
					C182C2DE2BDB1B3500D9C2F2 = {
						CreatedOnToolsVersion = 15.3;
					};
					C182C2EE2BDB1B3600D9C2F2 = {
						CreatedOnToolsVersion = 15.3;
						TestTargetID = C182C2DE2BDB1B3500D9C2F2;
					};
					C182C2F82BDB1B3600D9C2F2 = {
						CreatedOnToolsVersion = 15.3;
						TestTargetID = C182C2DE2BDB1B3500D9C2F2;
					};
				};
			};
			buildConfigurationList = C182C2DA2BDB1B3500D9C2F2 /* Build configuration list for PBXProject "SmartHome" */;
			compatibilityVersion = "Xcode 14.0";
			developmentRegion = en;
			hasScannedForEncodings = 0;
			knownRegions = (
				en,
				Base,
			);
			mainGroup = C182C2D62BDB1B3500D9C2F2;
			productRefGroup = C182C2E02BDB1B3500D9C2F2 /* Products */;
			projectDirPath = "";
			projectRoot = "";
			targets = (
				C182C2DE2BDB1B3500D9C2F2 /* SmartHome */,
				C182C2EE2BDB1B3600D9C2F2 /* SmartHomeTests */,
				C182C2F82BDB1B3600D9C2F2 /* SmartHomeUITests */,
			);
		};
/* End PBXProject section */

/* Begin PBXResourcesBuildPhase section */
		C182C2DD2BDB1B3500D9C2F2 /* Resources */ = {
			isa = PBXResourcesBuildPhase;
			buildActionMask = 2147483647;
			files = (
				C182C2EA2BDB1B3600D9C2F2 /* Preview Assets.xcassets in Resources */,
				C182C2E72BDB1B3600D9C2F2 /* Assets.xcassets in Resources */,
			);
			runOnlyForDeploymentPostprocessing = 0;
		};
		C182C2ED2BDB1B3600D9C2F2 /* Resources */ = {
			isa = PBXResourcesBuildPhase;
			buildActionMask = 2147483647;
			files = (
			);
			runOnlyForDeploymentPostprocessing = 0;
		};
		C182C2F72BDB1B3600D9C2F2 /* Resources */ = {
			isa = PBXResourcesBuildPhase;
			buildActionMask = 2147483647;
			files = (
			);
			runOnlyForDeploymentPostprocessing = 0;
		};
/* End PBXResourcesBuildPhase section */

/* Begin PBXSourcesBuildPhase section */
		C182C2DB2BDB1B3500D9C2F2 /* Sources */ = {
			isa = PBXSourcesBuildPhase;
			buildActionMask = 2147483647;
			files = (
				C10B1FA42BDEFBE200C0B14C /* ServicesView.swift in Sources */,
				C15E5D482BE2D25600A961CF /* BluetoothView.swift in Sources */,
				C10B1FA62BDEFD4700C0B14C /* CharacteristicsView.swift in Sources */,
				C182C2E52BDB1B3500D9C2F2 /* HomeView.swift in Sources */,
				C15E5D462BE2D0A000A961CF /* SmartHomeView.swift in Sources */,
				C15E5D442BE2C72F00A961CF /* ListButton.swift in Sources */,
				C15E5D422BE2AEFD00A961CF /* BluetoothManager.swift in Sources */,
				C10B1FA02BDD899B00C0B14C /* SmartHomeModel.swift in Sources */,
				C182C2E32BDB1B3500D9C2F2 /* SmartHomeApp.swift in Sources */,
				C10B1FA22BDEF8F800C0B14C /* AccessoriesView.swift in Sources */,
			);
			runOnlyForDeploymentPostprocessing = 0;
		};
		C182C2EB2BDB1B3600D9C2F2 /* Sources */ = {
			isa = PBXSourcesBuildPhase;
			buildActionMask = 2147483647;
			files = (
				C182C2F42BDB1B3600D9C2F2 /* SmartHomeTests.swift in Sources */,
			);
			runOnlyForDeploymentPostprocessing = 0;
		};
		C182C2F52BDB1B3600D9C2F2 /* Sources */ = {
			isa = PBXSourcesBuildPhase;
			buildActionMask = 2147483647;
			files = (
				C182C2FE2BDB1B3600D9C2F2 /* SmartHomeUITests.swift in Sources */,
				C182C3002BDB1B3600D9C2F2 /* SmartHomeUITestsLaunchTests.swift in Sources */,
			);
			runOnlyForDeploymentPostprocessing = 0;
		};
/* End PBXSourcesBuildPhase section */

/* Begin PBXTargetDependency section */
		C182C2F12BDB1B3600D9C2F2 /* PBXTargetDependency */ = {
			isa = PBXTargetDependency;
			target = C182C2DE2BDB1B3500D9C2F2 /* SmartHome */;
			targetProxy = C182C2F02BDB1B3600D9C2F2 /* PBXContainerItemProxy */;
		};
		C182C2FB2BDB1B3600D9C2F2 /* PBXTargetDependency */ = {
			isa = PBXTargetDependency;
			target = C182C2DE2BDB1B3500D9C2F2 /* SmartHome */;
			targetProxy = C182C2FA2BDB1B3600D9C2F2 /* PBXContainerItemProxy */;
		};
/* End PBXTargetDependency section */

/* Begin XCBuildConfiguration section */
		C182C3012BDB1B3600D9C2F2 /* Debug */ = {
			isa = XCBuildConfiguration;
			buildSettings = {
				ALWAYS_SEARCH_USER_PATHS = NO;
				ASSETCATALOG_COMPILER_GENERATE_SWIFT_ASSET_SYMBOL_EXTENSIONS = YES;
				CLANG_ANALYZER_NONNULL = YES;
				CLANG_ANALYZER_NUMBER_OBJECT_CONVERSION = YES_AGGRESSIVE;
				CLANG_CXX_LANGUAGE_STANDARD = "gnu++20";
				CLANG_ENABLE_MODULES = YES;
				CLANG_ENABLE_OBJC_ARC = YES;
				CLANG_ENABLE_OBJC_WEAK = YES;
				CLANG_WARN_BLOCK_CAPTURE_AUTORELEASING = YES;
				CLANG_WARN_BOOL_CONVERSION = YES;
				CLANG_WARN_COMMA = YES;
				CLANG_WARN_CONSTANT_CONVERSION = YES;
				CLANG_WARN_DEPRECATED_OBJC_IMPLEMENTATIONS = YES;
				CLANG_WARN_DIRECT_OBJC_ISA_USAGE = YES_ERROR;
				CLANG_WARN_DOCUMENTATION_COMMENTS = YES;
				CLANG_WARN_EMPTY_BODY = YES;
				CLANG_WARN_ENUM_CONVERSION = YES;
				CLANG_WARN_INFINITE_RECURSION = YES;
				CLANG_WARN_INT_CONVERSION = YES;
				CLANG_WARN_NON_LITERAL_NULL_CONVERSION = YES;
				CLANG_WARN_OBJC_IMPLICIT_RETAIN_SELF = YES;
				CLANG_WARN_OBJC_LITERAL_CONVERSION = YES;
				CLANG_WARN_OBJC_ROOT_CLASS = YES_ERROR;
				CLANG_WARN_QUOTED_INCLUDE_IN_FRAMEWORK_HEADER = YES;
				CLANG_WARN_RANGE_LOOP_ANALYSIS = YES;
				CLANG_WARN_STRICT_PROTOTYPES = YES;
				CLANG_WARN_SUSPICIOUS_MOVE = YES;
				CLANG_WARN_UNGUARDED_AVAILABILITY = YES_AGGRESSIVE;
				CLANG_WARN_UNREACHABLE_CODE = YES;
				CLANG_WARN__DUPLICATE_METHOD_MATCH = YES;
				COPY_PHASE_STRIP = NO;
				DEBUG_INFORMATION_FORMAT = dwarf;
				ENABLE_STRICT_OBJC_MSGSEND = YES;
				ENABLE_TESTABILITY = YES;
				ENABLE_USER_SCRIPT_SANDBOXING = YES;
				GCC_C_LANGUAGE_STANDARD = gnu17;
				GCC_DYNAMIC_NO_PIC = NO;
				GCC_NO_COMMON_BLOCKS = YES;
				GCC_OPTIMIZATION_LEVEL = 0;
				GCC_PREPROCESSOR_DEFINITIONS = (
					"DEBUG=1",
					"$(inherited)",
				);
				GCC_WARN_64_TO_32_BIT_CONVERSION = YES;
				GCC_WARN_ABOUT_RETURN_TYPE = YES_ERROR;
				GCC_WARN_UNDECLARED_SELECTOR = YES;
				GCC_WARN_UNINITIALIZED_AUTOS = YES_AGGRESSIVE;
				GCC_WARN_UNUSED_FUNCTION = YES;
				GCC_WARN_UNUSED_VARIABLE = YES;
				IPHONEOS_DEPLOYMENT_TARGET = 17.4;
				LOCALIZATION_PREFERS_STRING_CATALOGS = YES;
				MTL_ENABLE_DEBUG_INFO = INCLUDE_SOURCE;
				MTL_FAST_MATH = YES;
				ONLY_ACTIVE_ARCH = YES;
				SDKROOT = iphoneos;
				SWIFT_ACTIVE_COMPILATION_CONDITIONS = "DEBUG $(inherited)";
				SWIFT_OPTIMIZATION_LEVEL = "-Onone";
			};
			name = Debug;
		};
		C182C3022BDB1B3600D9C2F2 /* Release */ = {
			isa = XCBuildConfiguration;
			buildSettings = {
				ALWAYS_SEARCH_USER_PATHS = NO;
				ASSETCATALOG_COMPILER_GENERATE_SWIFT_ASSET_SYMBOL_EXTENSIONS = YES;
				CLANG_ANALYZER_NONNULL = YES;
				CLANG_ANALYZER_NUMBER_OBJECT_CONVERSION = YES_AGGRESSIVE;
				CLANG_CXX_LANGUAGE_STANDARD = "gnu++20";
				CLANG_ENABLE_MODULES = YES;
				CLANG_ENABLE_OBJC_ARC = YES;
				CLANG_ENABLE_OBJC_WEAK = YES;
				CLANG_WARN_BLOCK_CAPTURE_AUTORELEASING = YES;
				CLANG_WARN_BOOL_CONVERSION = YES;
				CLANG_WARN_COMMA = YES;
				CLANG_WARN_CONSTANT_CONVERSION = YES;
				CLANG_WARN_DEPRECATED_OBJC_IMPLEMENTATIONS = YES;
				CLANG_WARN_DIRECT_OBJC_ISA_USAGE = YES_ERROR;
				CLANG_WARN_DOCUMENTATION_COMMENTS = YES;
				CLANG_WARN_EMPTY_BODY = YES;
				CLANG_WARN_ENUM_CONVERSION = YES;
				CLANG_WARN_INFINITE_RECURSION = YES;
				CLANG_WARN_INT_CONVERSION = YES;
				CLANG_WARN_NON_LITERAL_NULL_CONVERSION = YES;
				CLANG_WARN_OBJC_IMPLICIT_RETAIN_SELF = YES;
				CLANG_WARN_OBJC_LITERAL_CONVERSION = YES;
				CLANG_WARN_OBJC_ROOT_CLASS = YES_ERROR;
				CLANG_WARN_QUOTED_INCLUDE_IN_FRAMEWORK_HEADER = YES;
				CLANG_WARN_RANGE_LOOP_ANALYSIS = YES;
				CLANG_WARN_STRICT_PROTOTYPES = YES;
				CLANG_WARN_SUSPICIOUS_MOVE = YES;
				CLANG_WARN_UNGUARDED_AVAILABILITY = YES_AGGRESSIVE;
				CLANG_WARN_UNREACHABLE_CODE = YES;
				CLANG_WARN__DUPLICATE_METHOD_MATCH = YES;
				COPY_PHASE_STRIP = NO;
				DEBUG_INFORMATION_FORMAT = "dwarf-with-dsym";
				ENABLE_NS_ASSERTIONS = NO;
				ENABLE_STRICT_OBJC_MSGSEND = YES;
				ENABLE_USER_SCRIPT_SANDBOXING = YES;
				GCC_C_LANGUAGE_STANDARD = gnu17;
				GCC_NO_COMMON_BLOCKS = YES;
				GCC_WARN_64_TO_32_BIT_CONVERSION = YES;
				GCC_WARN_ABOUT_RETURN_TYPE = YES_ERROR;
				GCC_WARN_UNDECLARED_SELECTOR = YES;
				GCC_WARN_UNINITIALIZED_AUTOS = YES_AGGRESSIVE;
				GCC_WARN_UNUSED_FUNCTION = YES;
				GCC_WARN_UNUSED_VARIABLE = YES;
				IPHONEOS_DEPLOYMENT_TARGET = 17.4;
				LOCALIZATION_PREFERS_STRING_CATALOGS = YES;
				MTL_ENABLE_DEBUG_INFO = NO;
				MTL_FAST_MATH = YES;
				SDKROOT = iphoneos;
				SWIFT_COMPILATION_MODE = wholemodule;
				VALIDATE_PRODUCT = YES;
			};
			name = Release;
		};
		C182C3042BDB1B3600D9C2F2 /* Debug */ = {
			isa = XCBuildConfiguration;
			buildSettings = {
				ASSETCATALOG_COMPILER_APPICON_NAME = AppIcon;
				ASSETCATALOG_COMPILER_GLOBAL_ACCENT_COLOR_NAME = AccentColor;
				CODE_SIGN_ENTITLEMENTS = SmartHome/SmartHome.entitlements;
				CODE_SIGN_IDENTITY = "Apple Development";
				CODE_SIGN_STYLE = Automatic;
				CURRENT_PROJECT_VERSION = 1;
				DEVELOPMENT_ASSET_PATHS = "\"SmartHome/Preview Content\"";
				DEVELOPMENT_TEAM = KTTGU94DH6;
				ENABLE_PREVIEWS = YES;
				GENERATE_INFOPLIST_FILE = YES;
				INFOPLIST_FILE = SmartHome/Info.plist;
				INFOPLIST_KEY_NSBluetoothAlwaysUsageDescription = "This app uses bluetooth to find, connect, and transfer data to BLE solenoid device";
				INFOPLIST_KEY_NSBluetoothPeripheralUsageDescription = "Looking for BLEs";
				INFOPLIST_KEY_NSHomeKitUsageDescription = "Configuring smart home accessories";
				INFOPLIST_KEY_UIApplicationSceneManifest_Generation = YES;
				INFOPLIST_KEY_UIApplicationSupportsIndirectInputEvents = YES;
				INFOPLIST_KEY_UILaunchScreen_Generation = YES;
				INFOPLIST_KEY_UISupportedInterfaceOrientations_iPad = "UIInterfaceOrientationPortrait UIInterfaceOrientationPortraitUpsideDown UIInterfaceOrientationLandscapeLeft UIInterfaceOrientationLandscapeRight";
				INFOPLIST_KEY_UISupportedInterfaceOrientations_iPhone = "UIInterfaceOrientationPortrait UIInterfaceOrientationLandscapeLeft UIInterfaceOrientationLandscapeRight";
				LD_RUNPATH_SEARCH_PATHS = (
					"$(inherited)",
					"@executable_path/Frameworks",
				);
				MARKETING_VERSION = 1.0;
				PRODUCT_BUNDLE_IDENTIFIER = MaddGaming.SmartHome;
				PRODUCT_NAME = "$(TARGET_NAME)";
				PROVISIONING_PROFILE_SPECIFIER = "";
				SWIFT_EMIT_LOC_STRINGS = YES;
				SWIFT_VERSION = 5.0;
				TARGETED_DEVICE_FAMILY = "1,2";
			};
			name = Debug;
		};
		C182C3052BDB1B3600D9C2F2 /* Release */ = {
			isa = XCBuildConfiguration;
			buildSettings = {
				ASSETCATALOG_COMPILER_APPICON_NAME = AppIcon;
				ASSETCATALOG_COMPILER_GLOBAL_ACCENT_COLOR_NAME = AccentColor;
				CODE_SIGN_ENTITLEMENTS = SmartHome/SmartHome.entitlements;
				CODE_SIGN_IDENTITY = "Apple Development";
				CODE_SIGN_STYLE = Automatic;
				CURRENT_PROJECT_VERSION = 1;
				DEVELOPMENT_ASSET_PATHS = "\"SmartHome/Preview Content\"";
				DEVELOPMENT_TEAM = KTTGU94DH6;
				ENABLE_PREVIEWS = YES;
				GENERATE_INFOPLIST_FILE = YES;
				INFOPLIST_FILE = SmartHome/Info.plist;
				INFOPLIST_KEY_NSBluetoothAlwaysUsageDescription = "This app uses bluetooth to find, connect, and transfer data to BLE solenoid device";
				INFOPLIST_KEY_NSBluetoothPeripheralUsageDescription = "Looking for BLEs";
				INFOPLIST_KEY_NSHomeKitUsageDescription = "Configuring smart home accessories";
				INFOPLIST_KEY_UIApplicationSceneManifest_Generation = YES;
				INFOPLIST_KEY_UIApplicationSupportsIndirectInputEvents = YES;
				INFOPLIST_KEY_UILaunchScreen_Generation = YES;
				INFOPLIST_KEY_UISupportedInterfaceOrientations_iPad = "UIInterfaceOrientationPortrait UIInterfaceOrientationPortraitUpsideDown UIInterfaceOrientationLandscapeLeft UIInterfaceOrientationLandscapeRight";
				INFOPLIST_KEY_UISupportedInterfaceOrientations_iPhone = "UIInterfaceOrientationPortrait UIInterfaceOrientationLandscapeLeft UIInterfaceOrientationLandscapeRight";
				LD_RUNPATH_SEARCH_PATHS = (
					"$(inherited)",
					"@executable_path/Frameworks",
				);
				MARKETING_VERSION = 1.0;
				PRODUCT_BUNDLE_IDENTIFIER = MaddGaming.SmartHome;
				PRODUCT_NAME = "$(TARGET_NAME)";
				PROVISIONING_PROFILE_SPECIFIER = "";
				SWIFT_EMIT_LOC_STRINGS = YES;
				SWIFT_VERSION = 5.0;
				TARGETED_DEVICE_FAMILY = "1,2";
			};
			name = Release;
		};
		C182C3072BDB1B3600D9C2F2 /* Debug */ = {
			isa = XCBuildConfiguration;
			buildSettings = {
				ALWAYS_EMBED_SWIFT_STANDARD_LIBRARIES = YES;
				BUNDLE_LOADER = "$(TEST_HOST)";
				CODE_SIGN_STYLE = Automatic;
				CURRENT_PROJECT_VERSION = 1;
				DEVELOPMENT_TEAM = KTTGU94DH6;
				GENERATE_INFOPLIST_FILE = YES;
				IPHONEOS_DEPLOYMENT_TARGET = 17.4;
				MARKETING_VERSION = 1.0;
				PRODUCT_BUNDLE_IDENTIFIER = MaddGaming.SmartHomeTests;
				PRODUCT_NAME = "$(TARGET_NAME)";
				SWIFT_EMIT_LOC_STRINGS = NO;
				SWIFT_VERSION = 5.0;
				TARGETED_DEVICE_FAMILY = "1,2";
				TEST_HOST = "$(BUILT_PRODUCTS_DIR)/SmartHome.app/$(BUNDLE_EXECUTABLE_FOLDER_PATH)/SmartHome";
			};
			name = Debug;
		};
		C182C3082BDB1B3600D9C2F2 /* Release */ = {
			isa = XCBuildConfiguration;
			buildSettings = {
				ALWAYS_EMBED_SWIFT_STANDARD_LIBRARIES = YES;
				BUNDLE_LOADER = "$(TEST_HOST)";
				CODE_SIGN_STYLE = Automatic;
				CURRENT_PROJECT_VERSION = 1;
				DEVELOPMENT_TEAM = KTTGU94DH6;
				GENERATE_INFOPLIST_FILE = YES;
				IPHONEOS_DEPLOYMENT_TARGET = 17.4;
				MARKETING_VERSION = 1.0;
				PRODUCT_BUNDLE_IDENTIFIER = MaddGaming.SmartHomeTests;
				PRODUCT_NAME = "$(TARGET_NAME)";
				SWIFT_EMIT_LOC_STRINGS = NO;
				SWIFT_VERSION = 5.0;
				TARGETED_DEVICE_FAMILY = "1,2";
				TEST_HOST = "$(BUILT_PRODUCTS_DIR)/SmartHome.app/$(BUNDLE_EXECUTABLE_FOLDER_PATH)/SmartHome";
			};
			name = Release;
		};
		C182C30A2BDB1B3600D9C2F2 /* Debug */ = {
			isa = XCBuildConfiguration;
			buildSettings = {
				ALWAYS_EMBED_SWIFT_STANDARD_LIBRARIES = YES;
				CODE_SIGN_STYLE = Automatic;
				CURRENT_PROJECT_VERSION = 1;
				DEVELOPMENT_TEAM = KTTGU94DH6;
				GENERATE_INFOPLIST_FILE = YES;
				MARKETING_VERSION = 1.0;
				PRODUCT_BUNDLE_IDENTIFIER = MaddGaming.SmartHomeUITests;
				PRODUCT_NAME = "$(TARGET_NAME)";
				SWIFT_EMIT_LOC_STRINGS = NO;
				SWIFT_VERSION = 5.0;
				TARGETED_DEVICE_FAMILY = "1,2";
				TEST_TARGET_NAME = SmartHome;
			};
			name = Debug;
		};
		C182C30B2BDB1B3600D9C2F2 /* Release */ = {
			isa = XCBuildConfiguration;
			buildSettings = {
				ALWAYS_EMBED_SWIFT_STANDARD_LIBRARIES = YES;
				CODE_SIGN_STYLE = Automatic;
				CURRENT_PROJECT_VERSION = 1;
				DEVELOPMENT_TEAM = KTTGU94DH6;
				GENERATE_INFOPLIST_FILE = YES;
				MARKETING_VERSION = 1.0;
				PRODUCT_BUNDLE_IDENTIFIER = MaddGaming.SmartHomeUITests;
				PRODUCT_NAME = "$(TARGET_NAME)";
				SWIFT_EMIT_LOC_STRINGS = NO;
				SWIFT_VERSION = 5.0;
				TARGETED_DEVICE_FAMILY = "1,2";
				TEST_TARGET_NAME = SmartHome;
			};
			name = Release;
		};
/* End XCBuildConfiguration section */

/* Begin XCConfigurationList section */
		C182C2DA2BDB1B3500D9C2F2 /* Build configuration list for PBXProject "SmartHome" */ = {
			isa = XCConfigurationList;
			buildConfigurations = (
				C182C3012BDB1B3600D9C2F2 /* Debug */,
				C182C3022BDB1B3600D9C2F2 /* Release */,
			);
			defaultConfigurationIsVisible = 0;
			defaultConfigurationName = Release;
		};
		C182C3032BDB1B3600D9C2F2 /* Build configuration list for PBXNativeTarget "SmartHome" */ = {
			isa = XCConfigurationList;
			buildConfigurations = (
				C182C3042BDB1B3600D9C2F2 /* Debug */,
				C182C3052BDB1B3600D9C2F2 /* Release */,
			);
			defaultConfigurationIsVisible = 0;
			defaultConfigurationName = Release;
		};
		C182C3062BDB1B3600D9C2F2 /* Build configuration list for PBXNativeTarget "SmartHomeTests" */ = {
			isa = XCConfigurationList;
			buildConfigurations = (
				C182C3072BDB1B3600D9C2F2 /* Debug */,
				C182C3082BDB1B3600D9C2F2 /* Release */,
			);
			defaultConfigurationIsVisible = 0;
			defaultConfigurationName = Release;
		};
		C182C3092BDB1B3600D9C2F2 /* Build configuration list for PBXNativeTarget "SmartHomeUITests" */ = {
			isa = XCConfigurationList;
			buildConfigurations = (
				C182C30A2BDB1B3600D9C2F2 /* Debug */,
				C182C30B2BDB1B3600D9C2F2 /* Release */,
			);
			defaultConfigurationIsVisible = 0;
			defaultConfigurationName = Release;
		};
/* End XCConfigurationList section */
	};
	rootObject = C182C2D72BDB1B3500D9C2F2 /* Project object */;
}
